// !$*UTF8*$!
{
	archiveVersion = 1;
	classes = {
	};
	objectVersion = 46;
	objects = {

/* Begin PBXBuildFile section */
		CE3C3FFF1821104C008EF57E /* ILBarLayer.mm in Sources */ = {isa = PBXBuildFile; fileRef = CE3C3FF21821104C008EF57E /* ILBarLayer.mm */; };
		CE3C40001821104C008EF57E /* ILBarsBackgroundLayer.m in Sources */ = {isa = PBXBuildFile; fileRef = CE3C3FF41821104C008EF57E /* ILBarsBackgroundLayer.m */; };
		CE3C40011821104C008EF57E /* ILBarsContainerLayer.m in Sources */ = {isa = PBXBuildFile; fileRef = CE3C3FF61821104C008EF57E /* ILBarsContainerLayer.m */; };
		CE3C40021821104C008EF57E /* ILBarsGroupLayer.m in Sources */ = {isa = PBXBuildFile; fileRef = CE3C3FF81821104C008EF57E /* ILBarsGroupLayer.m */; };
		CE3C40031821104C008EF57E /* ILLineLayer.mm in Sources */ = {isa = PBXBuildFile; fileRef = CE3C3FFA1821104C008EF57E /* ILLineLayer.mm */; };
		CE3C40041821104C008EF57E /* ILValueLayer.mm in Sources */ = {isa = PBXBuildFile; fileRef = CE3C3FFC1821104C008EF57E /* ILValueLayer.mm */; };
		CE3C40051821104C008EF57E /* ILValuesContainerLayer.m in Sources */ = {isa = PBXBuildFile; fileRef = CE3C3FFE1821104C008EF57E /* ILValuesContainerLayer.m */; };
		CE3C40161821224D008EF57E /* ILPiesContainerLayer.mm in Sources */ = {isa = PBXBuildFile; fileRef = CE3C40151821224D008EF57E /* ILPiesContainerLayer.mm */; };
		CE3C401918212784008EF57E /* ILPieSliceLayer.mm in Sources */ = {isa = PBXBuildFile; fileRef = CE3C401818212784008EF57E /* ILPieSliceLayer.mm */; };
		CE3C401D18212CE5008EF57E /* ILChartsMath.m in Sources */ = {isa = PBXBuildFile; fileRef = CE3C401C18212CE5008EF57E /* ILChartsMath.m */; };
		CEBBB44816D36D66009C9A0C /* Foundation.framework in Frameworks */ = {isa = PBXBuildFile; fileRef = CEBBB44716D36D66009C9A0C /* Foundation.framework */; };
		CEBBB44D16D36D66009C9A0C /* ILCharts.h in CopyFiles */ = {isa = PBXBuildFile; fileRef = CEBBB44C16D36D66009C9A0C /* ILCharts.h */; };
		CEBBB45716D36D66009C9A0C /* SenTestingKit.framework in Frameworks */ = {isa = PBXBuildFile; fileRef = CEBBB45616D36D66009C9A0C /* SenTestingKit.framework */; };
		CEBBB45916D36D66009C9A0C /* UIKit.framework in Frameworks */ = {isa = PBXBuildFile; fileRef = CEBBB45816D36D66009C9A0C /* UIKit.framework */; };
		CEBBB45A16D36D66009C9A0C /* Foundation.framework in Frameworks */ = {isa = PBXBuildFile; fileRef = CEBBB44716D36D66009C9A0C /* Foundation.framework */; };
		CEBBB45D16D36D66009C9A0C /* libILCharts.a in Frameworks */ = {isa = PBXBuildFile; fileRef = CEBBB44416D36D66009C9A0C /* libILCharts.a */; };
		CEBBB46316D36D66009C9A0C /* InfoPlist.strings in Resources */ = {isa = PBXBuildFile; fileRef = CEBBB46116D36D66009C9A0C /* InfoPlist.strings */; };
		CEBBB46616D36D66009C9A0C /* ILChartsTests.m in Sources */ = {isa = PBXBuildFile; fileRef = CEBBB46516D36D66009C9A0C /* ILChartsTests.m */; };
		CEBBB48E16D36E26009C9A0C /* ILAxisValuesLayerCalculator.mm in Sources */ = {isa = PBXBuildFile; fileRef = CEBBB47316D36E26009C9A0C /* ILAxisValuesLayerCalculator.mm */; };
		CEBBB48F16D36E26009C9A0C /* ILAxisValueState.m in Sources */ = {isa = PBXBuildFile; fileRef = CEBBB47516D36E26009C9A0C /* ILAxisValueState.m */; };
		CEBBB49016D36E26009C9A0C /* ILVerticalAxisLayerCalculator.m in Sources */ = {isa = PBXBuildFile; fileRef = CEBBB47716D36E26009C9A0C /* ILVerticalAxisLayerCalculator.m */; };
		CEBBB49116D36E26009C9A0C /* ILAxisLayer.m in Sources */ = {isa = PBXBuildFile; fileRef = CEBBB47916D36E26009C9A0C /* ILAxisLayer.m */; };
		CEBBB49216D36E26009C9A0C /* ILAxisValueLayer.m in Sources */ = {isa = PBXBuildFile; fileRef = CEBBB47B16D36E26009C9A0C /* ILAxisValueLayer.m */; };
		CEBBB49316D36E26009C9A0C /* ILAxisValuesLayer.mm in Sources */ = {isa = PBXBuildFile; fileRef = CEBBB47D16D36E26009C9A0C /* ILAxisValuesLayer.mm */; };
		CEBBB49416D36E26009C9A0C /* ILHorizontalAxisLayer.m in Sources */ = {isa = PBXBuildFile; fileRef = CEBBB48016D36E26009C9A0C /* ILHorizontalAxisLayer.m */; };
		CEBBB49516D36E26009C9A0C /* ILLeftHorizontalAxisLayer.m in Sources */ = {isa = PBXBuildFile; fileRef = CEBBB48216D36E26009C9A0C /* ILLeftHorizontalAxisLayer.m */; };
		CEBBB49616D36E26009C9A0C /* ILLeftVerticalAxisLayer.m in Sources */ = {isa = PBXBuildFile; fileRef = CEBBB48416D36E26009C9A0C /* ILLeftVerticalAxisLayer.m */; };
		CEBBB49716D36E26009C9A0C /* ILRightHorizontalAxisLayer.m in Sources */ = {isa = PBXBuildFile; fileRef = CEBBB48616D36E26009C9A0C /* ILRightHorizontalAxisLayer.m */; };
		CEBBB49816D36E26009C9A0C /* ILRightVerticalAxisLayer.m in Sources */ = {isa = PBXBuildFile; fileRef = CEBBB48816D36E26009C9A0C /* ILRightVerticalAxisLayer.m */; };
		CEBBB49916D36E26009C9A0C /* ILVerticalAxisLayer.m in Sources */ = {isa = PBXBuildFile; fileRef = CEBBB48A16D36E26009C9A0C /* ILVerticalAxisLayer.m */; };
		CEBBB49A16D36E26009C9A0C /* ILAxis.m in Sources */ = {isa = PBXBuildFile; fileRef = CEBBB48C16D36E26009C9A0C /* ILAxis.m */; };
		CEBBB4A716D36FFD009C9A0C /* CATextLayerCentered.m in Sources */ = {isa = PBXBuildFile; fileRef = CEBBB49D16D36FFC009C9A0C /* CATextLayerCentered.m */; };
		CEBBB4A816D36FFD009C9A0C /* ILBarsSeries+Private.m in Sources */ = {isa = PBXBuildFile; fileRef = CEBBB4A016D36FFD009C9A0C /* ILBarsSeries+Private.m */; };
		CEBBB4A916D36FFD009C9A0C /* ILLayer.m in Sources */ = {isa = PBXBuildFile; fileRef = CEBBB4A416D36FFD009C9A0C /* ILLayer.m */; };
		CEBBB4AA16D36FFD009C9A0C /* ILSeries+ChartLayer.m in Sources */ = {isa = PBXBuildFile; fileRef = CEBBB4A616D36FFD009C9A0C /* ILSeries+ChartLayer.m */; };
		CEBBB4EC16D3AC1E009C9A0C /* ILChartView.m in Sources */ = {isa = PBXBuildFile; fileRef = CEBBB4C616D3AC13009C9A0C /* ILChartView.m */; };
		CEBBB4ED16D3AC1E009C9A0C /* ILBarsSeriesCalculator.mm in Sources */ = {isa = PBXBuildFile; fileRef = CEBBB4CB16D3AC1E009C9A0C /* ILBarsSeriesCalculator.mm */; };
		CEBBB4EE16D3AC1E009C9A0C /* ILBarState.m in Sources */ = {isa = PBXBuildFile; fileRef = CEBBB4CD16D3AC1E009C9A0C /* ILBarState.m */; };
		CEBBB4EF16D3AC1E009C9A0C /* ILValuesContainerLayerCalculator.m in Sources */ = {isa = PBXBuildFile; fileRef = CEBBB4CF16D3AC1E009C9A0C /* ILValuesContainerLayerCalculator.m */; };
		CEBBB4F416D3AC1E009C9A0C /* ILBarsSeries.m in Sources */ = {isa = PBXBuildFile; fileRef = CEBBB4D916D3AC1E009C9A0C /* ILBarsSeries.m */; };
		CEBBB4F616D3AC1E009C9A0C /* ILLineSeries.m in Sources */ = {isa = PBXBuildFile; fileRef = CEBBB4DE16D3AC1E009C9A0C /* ILLineSeries.m */; };
		CEBBB4F716D3AC1E009C9A0C /* ILPieSeries.m in Sources */ = {isa = PBXBuildFile; fileRef = CEBBB4E116D3AC1E009C9A0C /* ILPieSeries.m */; };
		CEBBB4F816D3AC1E009C9A0C /* ILSeries.m in Sources */ = {isa = PBXBuildFile; fileRef = CEBBB4E416D3AC1E009C9A0C /* ILSeries.m */; };
		CEBBB4FB16D3AC1E009C9A0C /* ILValuesSeries.m in Sources */ = {isa = PBXBuildFile; fileRef = CEBBB4EA16D3AC1E009C9A0C /* ILValuesSeries.m */; };
/* End PBXBuildFile section */

/* Begin PBXContainerItemProxy section */
		CEBBB45B16D36D66009C9A0C /* PBXContainerItemProxy */ = {
			isa = PBXContainerItemProxy;
			containerPortal = CEBBB43C16D36D66009C9A0C /* Project object */;
			proxyType = 1;
			remoteGlobalIDString = CEBBB44316D36D66009C9A0C;
			remoteInfo = ILCharts;
		};
		CEBBB50C16D3CC57009C9A0C /* PBXContainerItemProxy */ = {
			isa = PBXContainerItemProxy;
			containerPortal = CEBBB50716D3CC57009C9A0C /* JFFUI.xcodeproj */;
			proxyType = 2;
			remoteGlobalIDString = D2AAC07E0554694100DB518D;
			remoteInfo = JFFUI;
		};
		CEBBB50E16D3CC57009C9A0C /* PBXContainerItemProxy */ = {
			isa = PBXContainerItemProxy;
			containerPortal = CEBBB50716D3CC57009C9A0C /* JFFUI.xcodeproj */;
			proxyType = 2;
			remoteGlobalIDString = 539103F014A88BE1007315A3;
			remoteInfo = "JFFUI-clang";
		};
		CEBBB51716D3CC5E009C9A0C /* PBXContainerItemProxy */ = {
			isa = PBXContainerItemProxy;
			containerPortal = CEBBB51016D3CC5D009C9A0C /* JFFUtils.xcodeproj */;
			proxyType = 2;
			remoteGlobalIDString = D2AAC07E0554694100DB518D;
			remoteInfo = JFFUtils;
		};
		CEBBB51916D3CC5E009C9A0C /* PBXContainerItemProxy */ = {
			isa = PBXContainerItemProxy;
			containerPortal = CEBBB51016D3CC5D009C9A0C /* JFFUtils.xcodeproj */;
			proxyType = 2;
			remoteGlobalIDString = 65802A5B148BF2930040A93A;
			remoteInfo = JFFUtilsMacOS;
		};
		CEBBB51B16D3CC5E009C9A0C /* PBXContainerItemProxy */ = {
			isa = PBXContainerItemProxy;
			containerPortal = CEBBB51016D3CC5D009C9A0C /* JFFUtils.xcodeproj */;
			proxyType = 2;
			remoteGlobalIDString = 5391044314A88C04007315A3;
			remoteInfo = "JFFUtils-clang";
		};
		CEBBB51D16D3CC5E009C9A0C /* PBXContainerItemProxy */ = {
			isa = PBXContainerItemProxy;
			containerPortal = CEBBB51016D3CC5D009C9A0C /* JFFUtils.xcodeproj */;
			proxyType = 2;
			remoteGlobalIDString = 7E57F42414F93738002D139B;
			remoteInfo = JFFUtilsFW;
		};
/* End PBXContainerItemProxy section */

/* Begin PBXCopyFilesBuildPhase section */
		CEBBB44216D36D66009C9A0C /* CopyFiles */ = {
			isa = PBXCopyFilesBuildPhase;
			buildActionMask = 2147483647;
			dstPath = "include/${PRODUCT_NAME}";
			dstSubfolderSpec = 16;
			files = (
				CEBBB44D16D36D66009C9A0C /* ILCharts.h in CopyFiles */,
			);
			runOnlyForDeploymentPostprocessing = 0;
		};
/* End PBXCopyFilesBuildPhase section */

/* Begin PBXFileReference section */
		2FC23A55207E536500F25B25 /* libc++.tbd */ = {isa = PBXFileReference; lastKnownFileType = "sourcecode.text-based-dylib-definition"; name = "libc++.tbd"; path = "usr/lib/libc++.tbd"; sourceTree = SDKROOT; };
		CE3C3FF11821104C008EF57E /* ILBarLayer.h */ = {isa = PBXFileReference; fileEncoding = 4; lastKnownFileType = sourcecode.c.h; path = ILBarLayer.h; sourceTree = "<group>"; };
		CE3C3FF21821104C008EF57E /* ILBarLayer.mm */ = {isa = PBXFileReference; fileEncoding = 4; lastKnownFileType = sourcecode.cpp.objcpp; path = ILBarLayer.mm; sourceTree = "<group>"; };
		CE3C3FF31821104C008EF57E /* ILBarsBackgroundLayer.h */ = {isa = PBXFileReference; fileEncoding = 4; lastKnownFileType = sourcecode.c.h; path = ILBarsBackgroundLayer.h; sourceTree = "<group>"; };
		CE3C3FF41821104C008EF57E /* ILBarsBackgroundLayer.m */ = {isa = PBXFileReference; fileEncoding = 4; lastKnownFileType = sourcecode.c.objc; path = ILBarsBackgroundLayer.m; sourceTree = "<group>"; };
		CE3C3FF51821104C008EF57E /* ILBarsContainerLayer.h */ = {isa = PBXFileReference; fileEncoding = 4; lastKnownFileType = sourcecode.c.h; path = ILBarsContainerLayer.h; sourceTree = "<group>"; };
		CE3C3FF61821104C008EF57E /* ILBarsContainerLayer.m */ = {isa = PBXFileReference; fileEncoding = 4; lastKnownFileType = sourcecode.c.objc; path = ILBarsContainerLayer.m; sourceTree = "<group>"; };
		CE3C3FF71821104C008EF57E /* ILBarsGroupLayer.h */ = {isa = PBXFileReference; fileEncoding = 4; lastKnownFileType = sourcecode.c.h; path = ILBarsGroupLayer.h; sourceTree = "<group>"; };
		CE3C3FF81821104C008EF57E /* ILBarsGroupLayer.m */ = {isa = PBXFileReference; fileEncoding = 4; lastKnownFileType = sourcecode.c.objc; path = ILBarsGroupLayer.m; sourceTree = "<group>"; };
		CE3C3FF91821104C008EF57E /* ILLineLayer.h */ = {isa = PBXFileReference; fileEncoding = 4; lastKnownFileType = sourcecode.c.h; path = ILLineLayer.h; sourceTree = "<group>"; };
		CE3C3FFA1821104C008EF57E /* ILLineLayer.mm */ = {isa = PBXFileReference; fileEncoding = 4; lastKnownFileType = sourcecode.cpp.objcpp; path = ILLineLayer.mm; sourceTree = "<group>"; };
		CE3C3FFB1821104C008EF57E /* ILValueLayer.h */ = {isa = PBXFileReference; fileEncoding = 4; lastKnownFileType = sourcecode.c.h; path = ILValueLayer.h; sourceTree = "<group>"; };
		CE3C3FFC1821104C008EF57E /* ILValueLayer.mm */ = {isa = PBXFileReference; fileEncoding = 4; lastKnownFileType = sourcecode.cpp.objcpp; path = ILValueLayer.mm; sourceTree = "<group>"; };
		CE3C3FFD1821104C008EF57E /* ILValuesContainerLayer.h */ = {isa = PBXFileReference; fileEncoding = 4; lastKnownFileType = sourcecode.c.h; path = ILValuesContainerLayer.h; sourceTree = "<group>"; };
		CE3C3FFE1821104C008EF57E /* ILValuesContainerLayer.m */ = {isa = PBXFileReference; fileEncoding = 4; lastKnownFileType = sourcecode.c.objc; path = ILValuesContainerLayer.m; sourceTree = "<group>"; };
		CE3C40141821224D008EF57E /* ILPiesContainerLayer.h */ = {isa = PBXFileReference; fileEncoding = 4; lastKnownFileType = sourcecode.c.h; path = ILPiesContainerLayer.h; sourceTree = "<group>"; };
		CE3C40151821224D008EF57E /* ILPiesContainerLayer.mm */ = {isa = PBXFileReference; fileEncoding = 4; lastKnownFileType = sourcecode.cpp.objcpp; path = ILPiesContainerLayer.mm; sourceTree = "<group>"; };
		CE3C401718212784008EF57E /* ILPieSliceLayer.h */ = {isa = PBXFileReference; fileEncoding = 4; lastKnownFileType = sourcecode.c.h; path = ILPieSliceLayer.h; sourceTree = "<group>"; };
		CE3C401818212784008EF57E /* ILPieSliceLayer.mm */ = {isa = PBXFileReference; fileEncoding = 4; lastKnownFileType = sourcecode.cpp.objcpp; path = ILPieSliceLayer.mm; sourceTree = "<group>"; };
		CE3C401A182128E2008EF57E /* ILPieSliceLayerDelegate.h */ = {isa = PBXFileReference; fileEncoding = 4; lastKnownFileType = sourcecode.c.h; path = ILPieSliceLayerDelegate.h; sourceTree = "<group>"; };
		CE3C401B18212CE5008EF57E /* ILChartsMath.h */ = {isa = PBXFileReference; fileEncoding = 4; lastKnownFileType = sourcecode.c.h; path = ILChartsMath.h; sourceTree = "<group>"; };
		CE3C401C18212CE5008EF57E /* ILChartsMath.m */ = {isa = PBXFileReference; fileEncoding = 4; lastKnownFileType = sourcecode.c.objc; path = ILChartsMath.m; sourceTree = "<group>"; };
		CEBBB44416D36D66009C9A0C /* libILCharts.a */ = {isa = PBXFileReference; explicitFileType = archive.ar; includeInIndex = 0; path = libILCharts.a; sourceTree = BUILT_PRODUCTS_DIR; };
		CEBBB44716D36D66009C9A0C /* Foundation.framework */ = {isa = PBXFileReference; lastKnownFileType = wrapper.framework; name = Foundation.framework; path = System/Library/Frameworks/Foundation.framework; sourceTree = SDKROOT; };
		CEBBB44B16D36D66009C9A0C /* ILCharts-Prefix.pch */ = {isa = PBXFileReference; lastKnownFileType = sourcecode.c.h; path = "ILCharts-Prefix.pch"; sourceTree = "<group>"; };
		CEBBB44C16D36D66009C9A0C /* ILCharts.h */ = {isa = PBXFileReference; lastKnownFileType = sourcecode.c.h; path = ILCharts.h; sourceTree = "<group>"; };
		CEBBB45516D36D66009C9A0C /* ILChartsTests.octest */ = {isa = PBXFileReference; explicitFileType = wrapper.cfbundle; includeInIndex = 0; path = ILChartsTests.octest; sourceTree = BUILT_PRODUCTS_DIR; };
		CEBBB45616D36D66009C9A0C /* SenTestingKit.framework */ = {isa = PBXFileReference; lastKnownFileType = wrapper.framework; name = SenTestingKit.framework; path = Library/Frameworks/SenTestingKit.framework; sourceTree = DEVELOPER_DIR; };
		CEBBB45816D36D66009C9A0C /* UIKit.framework */ = {isa = PBXFileReference; lastKnownFileType = wrapper.framework; name = UIKit.framework; path = Library/Frameworks/UIKit.framework; sourceTree = DEVELOPER_DIR; };
		CEBBB46016D36D66009C9A0C /* ILChartsTests-Info.plist */ = {isa = PBXFileReference; lastKnownFileType = text.plist.xml; path = "ILChartsTests-Info.plist"; sourceTree = "<group>"; };
		CEBBB46216D36D66009C9A0C /* en */ = {isa = PBXFileReference; lastKnownFileType = text.plist.strings; name = en; path = en.lproj/InfoPlist.strings; sourceTree = "<group>"; };
		CEBBB46416D36D66009C9A0C /* ILChartsTests.h */ = {isa = PBXFileReference; lastKnownFileType = sourcecode.c.h; path = ILChartsTests.h; sourceTree = "<group>"; };
		CEBBB46516D36D66009C9A0C /* ILChartsTests.m */ = {isa = PBXFileReference; lastKnownFileType = sourcecode.c.objc; path = ILChartsTests.m; sourceTree = "<group>"; };
		CEBBB47216D36E26009C9A0C /* ILAxisValuesLayerCalculator.h */ = {isa = PBXFileReference; fileEncoding = 4; lastKnownFileType = sourcecode.c.h; path = ILAxisValuesLayerCalculator.h; sourceTree = "<group>"; };
		CEBBB47316D36E26009C9A0C /* ILAxisValuesLayerCalculator.mm */ = {isa = PBXFileReference; fileEncoding = 4; lastKnownFileType = sourcecode.cpp.objcpp; path = ILAxisValuesLayerCalculator.mm; sourceTree = "<group>"; };
		CEBBB47416D36E26009C9A0C /* ILAxisValueState.h */ = {isa = PBXFileReference; fileEncoding = 4; lastKnownFileType = sourcecode.c.h; path = ILAxisValueState.h; sourceTree = "<group>"; };
		CEBBB47516D36E26009C9A0C /* ILAxisValueState.m */ = {isa = PBXFileReference; fileEncoding = 4; lastKnownFileType = sourcecode.c.objc; path = ILAxisValueState.m; sourceTree = "<group>"; };
		CEBBB47616D36E26009C9A0C /* ILVerticalAxisLayerCalculator.h */ = {isa = PBXFileReference; fileEncoding = 4; lastKnownFileType = sourcecode.c.h; path = ILVerticalAxisLayerCalculator.h; sourceTree = "<group>"; };
		CEBBB47716D36E26009C9A0C /* ILVerticalAxisLayerCalculator.m */ = {isa = PBXFileReference; fileEncoding = 4; lastKnownFileType = sourcecode.c.objc; path = ILVerticalAxisLayerCalculator.m; sourceTree = "<group>"; };
		CEBBB47816D36E26009C9A0C /* ILAxisLayer.h */ = {isa = PBXFileReference; fileEncoding = 4; lastKnownFileType = sourcecode.c.h; path = ILAxisLayer.h; sourceTree = "<group>"; };
		CEBBB47916D36E26009C9A0C /* ILAxisLayer.m */ = {isa = PBXFileReference; fileEncoding = 4; lastKnownFileType = sourcecode.c.objc; path = ILAxisLayer.m; sourceTree = "<group>"; };
		CEBBB47A16D36E26009C9A0C /* ILAxisValueLayer.h */ = {isa = PBXFileReference; fileEncoding = 4; lastKnownFileType = sourcecode.c.h; path = ILAxisValueLayer.h; sourceTree = "<group>"; };
		CEBBB47B16D36E26009C9A0C /* ILAxisValueLayer.m */ = {isa = PBXFileReference; fileEncoding = 4; lastKnownFileType = sourcecode.c.objc; path = ILAxisValueLayer.m; sourceTree = "<group>"; };
		CEBBB47C16D36E26009C9A0C /* ILAxisValuesLayer.h */ = {isa = PBXFileReference; fileEncoding = 4; lastKnownFileType = sourcecode.c.h; path = ILAxisValuesLayer.h; sourceTree = "<group>"; };
		CEBBB47D16D36E26009C9A0C /* ILAxisValuesLayer.mm */ = {isa = PBXFileReference; fileEncoding = 4; lastKnownFileType = sourcecode.cpp.objcpp; path = ILAxisValuesLayer.mm; sourceTree = "<group>"; };
		CEBBB47E16D36E26009C9A0C /* ILAxisValuesLayerDelegate.h */ = {isa = PBXFileReference; fileEncoding = 4; lastKnownFileType = sourcecode.c.h; path = ILAxisValuesLayerDelegate.h; sourceTree = "<group>"; };
		CEBBB47F16D36E26009C9A0C /* ILHorizontalAxisLayer.h */ = {isa = PBXFileReference; fileEncoding = 4; lastKnownFileType = sourcecode.c.h; path = ILHorizontalAxisLayer.h; sourceTree = "<group>"; };
		CEBBB48016D36E26009C9A0C /* ILHorizontalAxisLayer.m */ = {isa = PBXFileReference; fileEncoding = 4; lastKnownFileType = sourcecode.c.objc; path = ILHorizontalAxisLayer.m; sourceTree = "<group>"; };
		CEBBB48116D36E26009C9A0C /* ILLeftHorizontalAxisLayer.h */ = {isa = PBXFileReference; fileEncoding = 4; lastKnownFileType = sourcecode.c.h; path = ILLeftHorizontalAxisLayer.h; sourceTree = "<group>"; };
		CEBBB48216D36E26009C9A0C /* ILLeftHorizontalAxisLayer.m */ = {isa = PBXFileReference; fileEncoding = 4; lastKnownFileType = sourcecode.c.objc; path = ILLeftHorizontalAxisLayer.m; sourceTree = "<group>"; };
		CEBBB48316D36E26009C9A0C /* ILLeftVerticalAxisLayer.h */ = {isa = PBXFileReference; fileEncoding = 4; lastKnownFileType = sourcecode.c.h; path = ILLeftVerticalAxisLayer.h; sourceTree = "<group>"; };
		CEBBB48416D36E26009C9A0C /* ILLeftVerticalAxisLayer.m */ = {isa = PBXFileReference; fileEncoding = 4; lastKnownFileType = sourcecode.c.objc; path = ILLeftVerticalAxisLayer.m; sourceTree = "<group>"; };
		CEBBB48516D36E26009C9A0C /* ILRightHorizontalAxisLayer.h */ = {isa = PBXFileReference; fileEncoding = 4; lastKnownFileType = sourcecode.c.h; path = ILRightHorizontalAxisLayer.h; sourceTree = "<group>"; };
		CEBBB48616D36E26009C9A0C /* ILRightHorizontalAxisLayer.m */ = {isa = PBXFileReference; fileEncoding = 4; lastKnownFileType = sourcecode.c.objc; path = ILRightHorizontalAxisLayer.m; sourceTree = "<group>"; };
		CEBBB48716D36E26009C9A0C /* ILRightVerticalAxisLayer.h */ = {isa = PBXFileReference; fileEncoding = 4; lastKnownFileType = sourcecode.c.h; path = ILRightVerticalAxisLayer.h; sourceTree = "<group>"; };
		CEBBB48816D36E26009C9A0C /* ILRightVerticalAxisLayer.m */ = {isa = PBXFileReference; fileEncoding = 4; lastKnownFileType = sourcecode.c.objc; path = ILRightVerticalAxisLayer.m; sourceTree = "<group>"; };
		CEBBB48916D36E26009C9A0C /* ILVerticalAxisLayer.h */ = {isa = PBXFileReference; fileEncoding = 4; lastKnownFileType = sourcecode.c.h; path = ILVerticalAxisLayer.h; sourceTree = "<group>"; };
		CEBBB48A16D36E26009C9A0C /* ILVerticalAxisLayer.m */ = {isa = PBXFileReference; fileEncoding = 4; lastKnownFileType = sourcecode.c.objc; path = ILVerticalAxisLayer.m; sourceTree = "<group>"; };
		CEBBB48B16D36E26009C9A0C /* ILAxis.h */ = {isa = PBXFileReference; fileEncoding = 4; lastKnownFileType = sourcecode.c.h; path = ILAxis.h; sourceTree = "<group>"; };
		CEBBB48C16D36E26009C9A0C /* ILAxis.m */ = {isa = PBXFileReference; fileEncoding = 4; lastKnownFileType = sourcecode.c.objc; path = ILAxis.m; sourceTree = "<group>"; };
		CEBBB48D16D36E26009C9A0C /* ILAxisDelegate.h */ = {isa = PBXFileReference; fileEncoding = 4; lastKnownFileType = sourcecode.c.h; path = ILAxisDelegate.h; sourceTree = "<group>"; };
		CEBBB49C16D36FFC009C9A0C /* CATextLayerCentered.h */ = {isa = PBXFileReference; fileEncoding = 4; lastKnownFileType = sourcecode.c.h; path = CATextLayerCentered.h; sourceTree = "<group>"; };
		CEBBB49D16D36FFC009C9A0C /* CATextLayerCentered.m */ = {isa = PBXFileReference; fileEncoding = 4; lastKnownFileType = sourcecode.c.objc; path = CATextLayerCentered.m; sourceTree = "<group>"; };
		CEBBB49F16D36FFD009C9A0C /* ILBarsSeries+Private.h */ = {isa = PBXFileReference; fileEncoding = 4; lastKnownFileType = sourcecode.c.h; path = "ILBarsSeries+Private.h"; sourceTree = "<group>"; };
		CEBBB4A016D36FFD009C9A0C /* ILBarsSeries+Private.m */ = {isa = PBXFileReference; fileEncoding = 4; lastKnownFileType = sourcecode.c.objc; path = "ILBarsSeries+Private.m"; sourceTree = "<group>"; };
		CEBBB4A116D36FFD009C9A0C /* ILChartViewInternalDelegate.h */ = {isa = PBXFileReference; fileEncoding = 4; lastKnownFileType = sourcecode.c.h; path = ILChartViewInternalDelegate.h; sourceTree = "<group>"; };
		CEBBB4A216D36FFD009C9A0C /* ILInternalChartView.h */ = {isa = PBXFileReference; fileEncoding = 4; lastKnownFileType = sourcecode.c.h; path = ILInternalChartView.h; sourceTree = "<group>"; };
		CEBBB4A316D36FFD009C9A0C /* ILLayer.h */ = {isa = PBXFileReference; fileEncoding = 4; lastKnownFileType = sourcecode.c.h; path = ILLayer.h; sourceTree = "<group>"; };
		CEBBB4A416D36FFD009C9A0C /* ILLayer.m */ = {isa = PBXFileReference; fileEncoding = 4; lastKnownFileType = sourcecode.c.objc; path = ILLayer.m; sourceTree = "<group>"; };
		CEBBB4A516D36FFD009C9A0C /* ILSeries+ChartLayer.h */ = {isa = PBXFileReference; fileEncoding = 4; lastKnownFileType = sourcecode.c.h; path = "ILSeries+ChartLayer.h"; sourceTree = "<group>"; };
		CEBBB4A616D36FFD009C9A0C /* ILSeries+ChartLayer.m */ = {isa = PBXFileReference; fileEncoding = 4; lastKnownFileType = sourcecode.c.objc; path = "ILSeries+ChartLayer.m"; sourceTree = "<group>"; };
		CEBBB4C516D3AC0E009C9A0C /* ILChartView.h */ = {isa = PBXFileReference; fileEncoding = 4; lastKnownFileType = sourcecode.c.h; path = ILChartView.h; sourceTree = "<group>"; };
		CEBBB4C616D3AC13009C9A0C /* ILChartView.m */ = {isa = PBXFileReference; fileEncoding = 4; lastKnownFileType = sourcecode.c.objc; path = ILChartView.m; sourceTree = "<group>"; };
		CEBBB4CA16D3AC1E009C9A0C /* ILBarsSeriesCalculator.h */ = {isa = PBXFileReference; fileEncoding = 4; lastKnownFileType = sourcecode.c.h; path = ILBarsSeriesCalculator.h; sourceTree = "<group>"; };
		CEBBB4CB16D3AC1E009C9A0C /* ILBarsSeriesCalculator.mm */ = {isa = PBXFileReference; fileEncoding = 4; lastKnownFileType = sourcecode.cpp.objcpp; path = ILBarsSeriesCalculator.mm; sourceTree = "<group>"; };
		CEBBB4CC16D3AC1E009C9A0C /* ILBarState.h */ = {isa = PBXFileReference; fileEncoding = 4; lastKnownFileType = sourcecode.c.h; path = ILBarState.h; sourceTree = "<group>"; };
		CEBBB4CD16D3AC1E009C9A0C /* ILBarState.m */ = {isa = PBXFileReference; fileEncoding = 4; lastKnownFileType = sourcecode.c.objc; path = ILBarState.m; sourceTree = "<group>"; };
		CEBBB4CE16D3AC1E009C9A0C /* ILValuesContainerLayerCalculator.h */ = {isa = PBXFileReference; fileEncoding = 4; lastKnownFileType = sourcecode.c.h; path = ILValuesContainerLayerCalculator.h; sourceTree = "<group>"; };
		CEBBB4CF16D3AC1E009C9A0C /* ILValuesContainerLayerCalculator.m */ = {isa = PBXFileReference; fileEncoding = 4; lastKnownFileType = sourcecode.c.objc; path = ILValuesContainerLayerCalculator.m; sourceTree = "<group>"; };
		CEBBB4D816D3AC1E009C9A0C /* ILBarsSeries.h */ = {isa = PBXFileReference; fileEncoding = 4; lastKnownFileType = sourcecode.c.h; path = ILBarsSeries.h; sourceTree = "<group>"; };
		CEBBB4D916D3AC1E009C9A0C /* ILBarsSeries.m */ = {isa = PBXFileReference; fileEncoding = 4; lastKnownFileType = sourcecode.c.objc; path = ILBarsSeries.m; sourceTree = "<group>"; };
		CEBBB4DA16D3AC1E009C9A0C /* ILBarsSeriesDelegate.h */ = {isa = PBXFileReference; fileEncoding = 4; lastKnownFileType = sourcecode.c.h; path = ILBarsSeriesDelegate.h; sourceTree = "<group>"; };
		CEBBB4DD16D3AC1E009C9A0C /* ILLineSeries.h */ = {isa = PBXFileReference; fileEncoding = 4; lastKnownFileType = sourcecode.c.h; path = ILLineSeries.h; sourceTree = "<group>"; };
		CEBBB4DE16D3AC1E009C9A0C /* ILLineSeries.m */ = {isa = PBXFileReference; fileEncoding = 4; lastKnownFileType = sourcecode.c.objc; path = ILLineSeries.m; sourceTree = "<group>"; };
		CEBBB4DF16D3AC1E009C9A0C /* ILLineSeriesDelegate.h */ = {isa = PBXFileReference; fileEncoding = 4; lastKnownFileType = sourcecode.c.h; path = ILLineSeriesDelegate.h; sourceTree = "<group>"; };
		CEBBB4E016D3AC1E009C9A0C /* ILPieSeries.h */ = {isa = PBXFileReference; fileEncoding = 4; lastKnownFileType = sourcecode.c.h; path = ILPieSeries.h; sourceTree = "<group>"; };
		CEBBB4E116D3AC1E009C9A0C /* ILPieSeries.m */ = {isa = PBXFileReference; fileEncoding = 4; lastKnownFileType = sourcecode.c.objc; path = ILPieSeries.m; sourceTree = "<group>"; };
		CEBBB4E216D3AC1E009C9A0C /* ILPieSeriesDelegate.h */ = {isa = PBXFileReference; fileEncoding = 4; lastKnownFileType = sourcecode.c.h; path = ILPieSeriesDelegate.h; sourceTree = "<group>"; };
		CEBBB4E316D3AC1E009C9A0C /* ILSeries.h */ = {isa = PBXFileReference; fileEncoding = 4; lastKnownFileType = sourcecode.c.h; path = ILSeries.h; sourceTree = "<group>"; };
		CEBBB4E416D3AC1E009C9A0C /* ILSeries.m */ = {isa = PBXFileReference; fileEncoding = 4; lastKnownFileType = sourcecode.c.objc; path = ILSeries.m; sourceTree = "<group>"; };
		CEBBB4E916D3AC1E009C9A0C /* ILValuesSeries.h */ = {isa = PBXFileReference; fileEncoding = 4; lastKnownFileType = sourcecode.c.h; path = ILValuesSeries.h; sourceTree = "<group>"; };
		CEBBB4EA16D3AC1E009C9A0C /* ILValuesSeries.m */ = {isa = PBXFileReference; fileEncoding = 4; lastKnownFileType = sourcecode.c.objc; path = ILValuesSeries.m; sourceTree = "<group>"; };
		CEBBB4EB16D3AC1E009C9A0C /* ILValuesSeriesDataSource.h */ = {isa = PBXFileReference; fileEncoding = 4; lastKnownFileType = sourcecode.c.h; path = ILValuesSeriesDataSource.h; sourceTree = "<group>"; };
		CEBBB50716D3CC57009C9A0C /* JFFUI.xcodeproj */ = {isa = PBXFileReference; lastKnownFileType = "wrapper.pb-project"; name = JFFUI.xcodeproj; path = "../lib-third-party/JFFUI/JFFUI.xcodeproj"; sourceTree = "<group>"; };
		CEBBB51016D3CC5D009C9A0C /* JFFUtils.xcodeproj */ = {isa = PBXFileReference; lastKnownFileType = "wrapper.pb-project"; name = JFFUtils.xcodeproj; path = "../lib-third-party/JFFUtils/JFFUtils.xcodeproj"; sourceTree = "<group>"; };
		CEBBB60A16D508D5009C9A0C /* libc++.dylib */ = {isa = PBXFileReference; lastKnownFileType = "compiled.mach-o.dylib"; name = "libc++.dylib"; path = "usr/lib/libc++.dylib"; sourceTree = SDKROOT; };
/* End PBXFileReference section */

/* Begin PBXFrameworksBuildPhase section */
		CEBBB44116D36D66009C9A0C /* Frameworks */ = {
			isa = PBXFrameworksBuildPhase;
			buildActionMask = 2147483647;
			files = (
				CEBBB44816D36D66009C9A0C /* Foundation.framework in Frameworks */,
			);
			runOnlyForDeploymentPostprocessing = 0;
		};
		CEBBB45116D36D66009C9A0C /* Frameworks */ = {
			isa = PBXFrameworksBuildPhase;
			buildActionMask = 2147483647;
			files = (
				CEBBB45716D36D66009C9A0C /* SenTestingKit.framework in Frameworks */,
				CEBBB45916D36D66009C9A0C /* UIKit.framework in Frameworks */,
				CEBBB45A16D36D66009C9A0C /* Foundation.framework in Frameworks */,
				CEBBB45D16D36D66009C9A0C /* libILCharts.a in Frameworks */,
			);
			runOnlyForDeploymentPostprocessing = 0;
		};
/* End PBXFrameworksBuildPhase section */

/* Begin PBXGroup section */
		CE3C3FF01821104C008EF57E /* Layers */ = {
			isa = PBXGroup;
			children = (
				CE3C3FF11821104C008EF57E /* ILBarLayer.h */,
				CE3C3FF21821104C008EF57E /* ILBarLayer.mm */,
				CE3C3FF31821104C008EF57E /* ILBarsBackgroundLayer.h */,
				CE3C3FF41821104C008EF57E /* ILBarsBackgroundLayer.m */,
				CE3C3FF51821104C008EF57E /* ILBarsContainerLayer.h */,
				CE3C3FF61821104C008EF57E /* ILBarsContainerLayer.m */,
				CE3C3FF71821104C008EF57E /* ILBarsGroupLayer.h */,
				CE3C3FF81821104C008EF57E /* ILBarsGroupLayer.m */,
				CE3C3FF91821104C008EF57E /* ILLineLayer.h */,
				CE3C3FFA1821104C008EF57E /* ILLineLayer.mm */,
				CE3C3FFB1821104C008EF57E /* ILValueLayer.h */,
				CE3C3FFC1821104C008EF57E /* ILValueLayer.mm */,
				CE3C3FFD1821104C008EF57E /* ILValuesContainerLayer.h */,
				CE3C3FFE1821104C008EF57E /* ILValuesContainerLayer.m */,
				CE3C40141821224D008EF57E /* ILPiesContainerLayer.h */,
				CE3C40151821224D008EF57E /* ILPiesContainerLayer.mm */,
				CE3C401718212784008EF57E /* ILPieSliceLayer.h */,
				CE3C401818212784008EF57E /* ILPieSliceLayer.mm */,
				CE3C401A182128E2008EF57E /* ILPieSliceLayerDelegate.h */,
			);
			path = Layers;
			sourceTree = "<group>";
		};
		CEBBB43B16D36D66009C9A0C = {
			isa = PBXGroup;
			children = (
				CEBBB60A16D508D5009C9A0C /* libc++.dylib */,
				CEBBB44916D36D66009C9A0C /* ILCharts */,
				CEBBB45E16D36D66009C9A0C /* ILChartsTests */,
				CEBBB44616D36D66009C9A0C /* Frameworks */,
				CEBBB44516D36D66009C9A0C /* Products */,
			);
			sourceTree = "<group>";
		};
		CEBBB44516D36D66009C9A0C /* Products */ = {
			isa = PBXGroup;
			children = (
				CEBBB44416D36D66009C9A0C /* libILCharts.a */,
				CEBBB45516D36D66009C9A0C /* ILChartsTests.octest */,
			);
			name = Products;
			sourceTree = "<group>";
		};
		CEBBB44616D36D66009C9A0C /* Frameworks */ = {
			isa = PBXGroup;
			children = (
				2FC23A55207E536500F25B25 /* libc++.tbd */,
				CEBBB51016D3CC5D009C9A0C /* JFFUtils.xcodeproj */,
				CEBBB50716D3CC57009C9A0C /* JFFUI.xcodeproj */,
				CEBBB44716D36D66009C9A0C /* Foundation.framework */,
				CEBBB45616D36D66009C9A0C /* SenTestingKit.framework */,
				CEBBB45816D36D66009C9A0C /* UIKit.framework */,
			);
			name = Frameworks;
			sourceTree = "<group>";
		};
		CEBBB44916D36D66009C9A0C /* ILCharts */ = {
			isa = PBXGroup;
			children = (
				CEBBB4C716D3AC18009C9A0C /* Series */,
				CEBBB49B16D36FFC009C9A0C /* CoreAnimationExtensions */,
				CEBBB49E16D36FFC009C9A0C /* Details */,
				CEBBB46F16D36E26009C9A0C /* Axis */,
				CEBBB4C516D3AC0E009C9A0C /* ILChartView.h */,
				CEBBB4C616D3AC13009C9A0C /* ILChartView.m */,
				CEBBB44C16D36D66009C9A0C /* ILCharts.h */,
				CEBBB44A16D36D66009C9A0C /* Supporting Files */,
			);
			path = ILCharts;
			sourceTree = "<group>";
		};
		CEBBB44A16D36D66009C9A0C /* Supporting Files */ = {
			isa = PBXGroup;
			children = (
				CEBBB44B16D36D66009C9A0C /* ILCharts-Prefix.pch */,
			);
			name = "Supporting Files";
			sourceTree = "<group>";
		};
		CEBBB45E16D36D66009C9A0C /* ILChartsTests */ = {
			isa = PBXGroup;
			children = (
				CEBBB46416D36D66009C9A0C /* ILChartsTests.h */,
				CEBBB46516D36D66009C9A0C /* ILChartsTests.m */,
				CEBBB45F16D36D66009C9A0C /* Supporting Files */,
			);
			path = ILChartsTests;
			sourceTree = "<group>";
		};
		CEBBB45F16D36D66009C9A0C /* Supporting Files */ = {
			isa = PBXGroup;
			children = (
				CEBBB46016D36D66009C9A0C /* ILChartsTests-Info.plist */,
				CEBBB46116D36D66009C9A0C /* InfoPlist.strings */,
			);
			name = "Supporting Files";
			sourceTree = "<group>";
		};
		CEBBB46F16D36E26009C9A0C /* Axis */ = {
			isa = PBXGroup;
			children = (
				CEBBB47016D36E26009C9A0C /* Detail */,
				CEBBB48B16D36E26009C9A0C /* ILAxis.h */,
				CEBBB48C16D36E26009C9A0C /* ILAxis.m */,
				CEBBB48D16D36E26009C9A0C /* ILAxisDelegate.h */,
			);
			path = Axis;
			sourceTree = "<group>";
		};
		CEBBB47016D36E26009C9A0C /* Detail */ = {
			isa = PBXGroup;
			children = (
				CEBBB47116D36E26009C9A0C /* Calculations */,
				CEBBB47816D36E26009C9A0C /* ILAxisLayer.h */,
				CEBBB47916D36E26009C9A0C /* ILAxisLayer.m */,
				CEBBB47A16D36E26009C9A0C /* ILAxisValueLayer.h */,
				CEBBB47B16D36E26009C9A0C /* ILAxisValueLayer.m */,
				CEBBB47C16D36E26009C9A0C /* ILAxisValuesLayer.h */,
				CEBBB47D16D36E26009C9A0C /* ILAxisValuesLayer.mm */,
				CEBBB47E16D36E26009C9A0C /* ILAxisValuesLayerDelegate.h */,
				CEBBB47F16D36E26009C9A0C /* ILHorizontalAxisLayer.h */,
				CEBBB48016D36E26009C9A0C /* ILHorizontalAxisLayer.m */,
				CEBBB48116D36E26009C9A0C /* ILLeftHorizontalAxisLayer.h */,
				CEBBB48216D36E26009C9A0C /* ILLeftHorizontalAxisLayer.m */,
				CEBBB48316D36E26009C9A0C /* ILLeftVerticalAxisLayer.h */,
				CEBBB48416D36E26009C9A0C /* ILLeftVerticalAxisLayer.m */,
				CEBBB48516D36E26009C9A0C /* ILRightHorizontalAxisLayer.h */,
				CEBBB48616D36E26009C9A0C /* ILRightHorizontalAxisLayer.m */,
				CEBBB48716D36E26009C9A0C /* ILRightVerticalAxisLayer.h */,
				CEBBB48816D36E26009C9A0C /* ILRightVerticalAxisLayer.m */,
				CEBBB48916D36E26009C9A0C /* ILVerticalAxisLayer.h */,
				CEBBB48A16D36E26009C9A0C /* ILVerticalAxisLayer.m */,
			);
			path = Detail;
			sourceTree = "<group>";
		};
		CEBBB47116D36E26009C9A0C /* Calculations */ = {
			isa = PBXGroup;
			children = (
				CEBBB47216D36E26009C9A0C /* ILAxisValuesLayerCalculator.h */,
				CEBBB47316D36E26009C9A0C /* ILAxisValuesLayerCalculator.mm */,
				CEBBB47416D36E26009C9A0C /* ILAxisValueState.h */,
				CEBBB47516D36E26009C9A0C /* ILAxisValueState.m */,
				CEBBB47616D36E26009C9A0C /* ILVerticalAxisLayerCalculator.h */,
				CEBBB47716D36E26009C9A0C /* ILVerticalAxisLayerCalculator.m */,
			);
			path = Calculations;
			sourceTree = "<group>";
		};
		CEBBB49B16D36FFC009C9A0C /* CoreAnimationExtensions */ = {
			isa = PBXGroup;
			children = (
				CEBBB49C16D36FFC009C9A0C /* CATextLayerCentered.h */,
				CEBBB49D16D36FFC009C9A0C /* CATextLayerCentered.m */,
			);
			path = CoreAnimationExtensions;
			sourceTree = "<group>";
		};
		CEBBB49E16D36FFC009C9A0C /* Details */ = {
			isa = PBXGroup;
			children = (
				CEBBB49F16D36FFD009C9A0C /* ILBarsSeries+Private.h */,
				CEBBB4A016D36FFD009C9A0C /* ILBarsSeries+Private.m */,
				CEBBB4A116D36FFD009C9A0C /* ILChartViewInternalDelegate.h */,
				CEBBB4A216D36FFD009C9A0C /* ILInternalChartView.h */,
				CEBBB4A316D36FFD009C9A0C /* ILLayer.h */,
				CEBBB4A416D36FFD009C9A0C /* ILLayer.m */,
				CEBBB4A516D36FFD009C9A0C /* ILSeries+ChartLayer.h */,
				CEBBB4A616D36FFD009C9A0C /* ILSeries+ChartLayer.m */,
				CE3C401B18212CE5008EF57E /* ILChartsMath.h */,
				CE3C401C18212CE5008EF57E /* ILChartsMath.m */,
			);
			path = Details;
			sourceTree = "<group>";
		};
		CEBBB4C716D3AC18009C9A0C /* Series */ = {
			isa = PBXGroup;
			children = (
				CE3C3FF01821104C008EF57E /* Layers */,
				CEBBB4C816D3AC1E009C9A0C /* Details */,
				CEBBB4D816D3AC1E009C9A0C /* ILBarsSeries.h */,
				CEBBB4D916D3AC1E009C9A0C /* ILBarsSeries.m */,
				CEBBB4DA16D3AC1E009C9A0C /* ILBarsSeriesDelegate.h */,
				CEBBB4DD16D3AC1E009C9A0C /* ILLineSeries.h */,
				CEBBB4DE16D3AC1E009C9A0C /* ILLineSeries.m */,
				CEBBB4DF16D3AC1E009C9A0C /* ILLineSeriesDelegate.h */,
				CEBBB4E016D3AC1E009C9A0C /* ILPieSeries.h */,
				CEBBB4E116D3AC1E009C9A0C /* ILPieSeries.m */,
				CEBBB4E216D3AC1E009C9A0C /* ILPieSeriesDelegate.h */,
				CEBBB4E316D3AC1E009C9A0C /* ILSeries.h */,
				CEBBB4E416D3AC1E009C9A0C /* ILSeries.m */,
				CEBBB4E916D3AC1E009C9A0C /* ILValuesSeries.h */,
				CEBBB4EA16D3AC1E009C9A0C /* ILValuesSeries.m */,
				CEBBB4EB16D3AC1E009C9A0C /* ILValuesSeriesDataSource.h */,
			);
			path = Series;
			sourceTree = "<group>";
		};
		CEBBB4C816D3AC1E009C9A0C /* Details */ = {
			isa = PBXGroup;
			children = (
				CEBBB4C916D3AC1E009C9A0C /* Calculations */,
			);
			path = Details;
			sourceTree = "<group>";
		};
		CEBBB4C916D3AC1E009C9A0C /* Calculations */ = {
			isa = PBXGroup;
			children = (
				CEBBB4CA16D3AC1E009C9A0C /* ILBarsSeriesCalculator.h */,
				CEBBB4CB16D3AC1E009C9A0C /* ILBarsSeriesCalculator.mm */,
				CEBBB4CC16D3AC1E009C9A0C /* ILBarState.h */,
				CEBBB4CD16D3AC1E009C9A0C /* ILBarState.m */,
				CEBBB4CE16D3AC1E009C9A0C /* ILValuesContainerLayerCalculator.h */,
				CEBBB4CF16D3AC1E009C9A0C /* ILValuesContainerLayerCalculator.m */,
			);
			path = Calculations;
			sourceTree = "<group>";
		};
		CEBBB50816D3CC57009C9A0C /* Products */ = {
			isa = PBXGroup;
			children = (
				CEBBB50D16D3CC57009C9A0C /* libJFFUI.a */,
				CEBBB50F16D3CC57009C9A0C /* libJFFUI-clang.a */,
			);
			name = Products;
			sourceTree = "<group>";
		};
		CEBBB51116D3CC5D009C9A0C /* Products */ = {
			isa = PBXGroup;
			children = (
				CEBBB51816D3CC5E009C9A0C /* libJFFUtils.a */,
				CEBBB51A16D3CC5E009C9A0C /* libJFFUtilsMacOS.a */,
				CEBBB51C16D3CC5E009C9A0C /* libJFFUtils-clang.a */,
				CEBBB51E16D3CC5E009C9A0C /* JFFUtilsFW.framework */,
			);
			name = Products;
			sourceTree = "<group>";
		};
/* End PBXGroup section */

/* Begin PBXNativeTarget section */
		CEBBB44316D36D66009C9A0C /* ILCharts */ = {
			isa = PBXNativeTarget;
			buildConfigurationList = CEBBB46916D36D66009C9A0C /* Build configuration list for PBXNativeTarget "ILCharts" */;
			buildPhases = (
				CEBBB44016D36D66009C9A0C /* Sources */,
				CEBBB44116D36D66009C9A0C /* Frameworks */,
				CEBBB44216D36D66009C9A0C /* CopyFiles */,
			);
			buildRules = (
			);
			dependencies = (
			);
			name = ILCharts;
			productName = ILCharts;
			productReference = CEBBB44416D36D66009C9A0C /* libILCharts.a */;
			productType = "com.apple.product-type.library.static";
		};
		CEBBB45416D36D66009C9A0C /* ILChartsTests */ = {
			isa = PBXNativeTarget;
			buildConfigurationList = CEBBB46C16D36D66009C9A0C /* Build configuration list for PBXNativeTarget "ILChartsTests" */;
			buildPhases = (
				CEBBB45016D36D66009C9A0C /* Sources */,
				CEBBB45116D36D66009C9A0C /* Frameworks */,
				CEBBB45216D36D66009C9A0C /* Resources */,
				CEBBB45316D36D66009C9A0C /* ShellScript */,
			);
			buildRules = (
			);
			dependencies = (
				CEBBB45C16D36D66009C9A0C /* PBXTargetDependency */,
			);
			name = ILChartsTests;
			productName = ILChartsTests;
			productReference = CEBBB45516D36D66009C9A0C /* ILChartsTests.octest */;
			productType = "com.apple.product-type.bundle";
		};
/* End PBXNativeTarget section */

/* Begin PBXProject section */
		CEBBB43C16D36D66009C9A0C /* Project object */ = {
			isa = PBXProject;
			attributes = {
				LastUpgradeCheck = 0460;
				ORGANIZATIONNAME = eul;
			};
			buildConfigurationList = CEBBB43F16D36D66009C9A0C /* Build configuration list for PBXProject "ILCharts" */;
			compatibilityVersion = "Xcode 3.2";
			developmentRegion = English;
			hasScannedForEncodings = 0;
			knownRegions = (
				en,
			);
			mainGroup = CEBBB43B16D36D66009C9A0C;
			productRefGroup = CEBBB44516D36D66009C9A0C /* Products */;
			projectDirPath = "";
			projectReferences = (
				{
					ProductGroup = CEBBB50816D3CC57009C9A0C /* Products */;
					ProjectRef = CEBBB50716D3CC57009C9A0C /* JFFUI.xcodeproj */;
				},
				{
					ProductGroup = CEBBB51116D3CC5D009C9A0C /* Products */;
					ProjectRef = CEBBB51016D3CC5D009C9A0C /* JFFUtils.xcodeproj */;
				},
			);
			projectRoot = "";
			targets = (
				CEBBB44316D36D66009C9A0C /* ILCharts */,
				CEBBB45416D36D66009C9A0C /* ILChartsTests */,
			);
		};
/* End PBXProject section */

/* Begin PBXReferenceProxy section */
		CEBBB50D16D3CC57009C9A0C /* libJFFUI.a */ = {
			isa = PBXReferenceProxy;
			fileType = archive.ar;
			path = libJFFUI.a;
			remoteRef = CEBBB50C16D3CC57009C9A0C /* PBXContainerItemProxy */;
			sourceTree = BUILT_PRODUCTS_DIR;
		};
		CEBBB50F16D3CC57009C9A0C /* libJFFUI-clang.a */ = {
			isa = PBXReferenceProxy;
			fileType = archive.ar;
			path = "libJFFUI-clang.a";
			remoteRef = CEBBB50E16D3CC57009C9A0C /* PBXContainerItemProxy */;
			sourceTree = BUILT_PRODUCTS_DIR;
		};
		CEBBB51816D3CC5E009C9A0C /* libJFFUtils.a */ = {
			isa = PBXReferenceProxy;
			fileType = archive.ar;
			path = libJFFUtils.a;
			remoteRef = CEBBB51716D3CC5E009C9A0C /* PBXContainerItemProxy */;
			sourceTree = BUILT_PRODUCTS_DIR;
		};
		CEBBB51A16D3CC5E009C9A0C /* libJFFUtilsMacOS.a */ = {
			isa = PBXReferenceProxy;
			fileType = archive.ar;
			path = libJFFUtilsMacOS.a;
			remoteRef = CEBBB51916D3CC5E009C9A0C /* PBXContainerItemProxy */;
			sourceTree = BUILT_PRODUCTS_DIR;
		};
		CEBBB51C16D3CC5E009C9A0C /* libJFFUtils-clang.a */ = {
			isa = PBXReferenceProxy;
			fileType = archive.ar;
			path = "libJFFUtils-clang.a";
			remoteRef = CEBBB51B16D3CC5E009C9A0C /* PBXContainerItemProxy */;
			sourceTree = BUILT_PRODUCTS_DIR;
		};
		CEBBB51E16D3CC5E009C9A0C /* JFFUtilsFW.framework */ = {
			isa = PBXReferenceProxy;
			fileType = wrapper.framework.static;
			path = JFFUtilsFW.framework;
			remoteRef = CEBBB51D16D3CC5E009C9A0C /* PBXContainerItemProxy */;
			sourceTree = BUILT_PRODUCTS_DIR;
		};
/* End PBXReferenceProxy section */

/* Begin PBXResourcesBuildPhase section */
		CEBBB45216D36D66009C9A0C /* Resources */ = {
			isa = PBXResourcesBuildPhase;
			buildActionMask = 2147483647;
			files = (
				CEBBB46316D36D66009C9A0C /* InfoPlist.strings in Resources */,
			);
			runOnlyForDeploymentPostprocessing = 0;
		};
/* End PBXResourcesBuildPhase section */

/* Begin PBXShellScriptBuildPhase section */
		CEBBB45316D36D66009C9A0C /* ShellScript */ = {
			isa = PBXShellScriptBuildPhase;
			buildActionMask = 2147483647;
			files = (
			);
			inputPaths = (
			);
			outputPaths = (
			);
			runOnlyForDeploymentPostprocessing = 0;
			shellPath = /bin/sh;
			shellScript = "# Run the unit tests in this test bundle.\n\"${SYSTEM_DEVELOPER_DIR}/Tools/RunUnitTests\"\n";
		};
/* End PBXShellScriptBuildPhase section */

/* Begin PBXSourcesBuildPhase section */
		CEBBB44016D36D66009C9A0C /* Sources */ = {
			isa = PBXSourcesBuildPhase;
			buildActionMask = 2147483647;
			files = (
				CEBBB4A916D36FFD009C9A0C /* ILLayer.m in Sources */,
				CE3C40051821104C008EF57E /* ILValuesContainerLayer.m in Sources */,
				CEBBB48E16D36E26009C9A0C /* ILAxisValuesLayerCalculator.mm in Sources */,
				CEBBB48F16D36E26009C9A0C /* ILAxisValueState.m in Sources */,
				CEBBB49016D36E26009C9A0C /* ILVerticalAxisLayerCalculator.m in Sources */,
				CEBBB49116D36E26009C9A0C /* ILAxisLayer.m in Sources */,
				CEBBB49216D36E26009C9A0C /* ILAxisValueLayer.m in Sources */,
				CE3C401D18212CE5008EF57E /* ILChartsMath.m in Sources */,
				CEBBB49316D36E26009C9A0C /* ILAxisValuesLayer.mm in Sources */,
				CEBBB49416D36E26009C9A0C /* ILHorizontalAxisLayer.m in Sources */,
				CEBBB49516D36E26009C9A0C /* ILLeftHorizontalAxisLayer.m in Sources */,
				CE3C401918212784008EF57E /* ILPieSliceLayer.mm in Sources */,
				CEBBB49616D36E26009C9A0C /* ILLeftVerticalAxisLayer.m in Sources */,
				CEBBB49716D36E26009C9A0C /* ILRightHorizontalAxisLayer.m in Sources */,
				CE3C40031821104C008EF57E /* ILLineLayer.mm in Sources */,
				CEBBB49816D36E26009C9A0C /* ILRightVerticalAxisLayer.m in Sources */,
				CE3C40161821224D008EF57E /* ILPiesContainerLayer.mm in Sources */,
				CEBBB49916D36E26009C9A0C /* ILVerticalAxisLayer.m in Sources */,
				CEBBB49A16D36E26009C9A0C /* ILAxis.m in Sources */,
				CEBBB4A716D36FFD009C9A0C /* CATextLayerCentered.m in Sources */,
				CEBBB4A816D36FFD009C9A0C /* ILBarsSeries+Private.m in Sources */,
				CEBBB4AA16D36FFD009C9A0C /* ILSeries+ChartLayer.m in Sources */,
				CEBBB4EC16D3AC1E009C9A0C /* ILChartView.m in Sources */,
				CEBBB4ED16D3AC1E009C9A0C /* ILBarsSeriesCalculator.mm in Sources */,
				CEBBB4EE16D3AC1E009C9A0C /* ILBarState.m in Sources */,
				CE3C40001821104C008EF57E /* ILBarsBackgroundLayer.m in Sources */,
				CEBBB4EF16D3AC1E009C9A0C /* ILValuesContainerLayerCalculator.m in Sources */,
				CE3C40011821104C008EF57E /* ILBarsContainerLayer.m in Sources */,
				CEBBB4F416D3AC1E009C9A0C /* ILBarsSeries.m in Sources */,
				CE3C40041821104C008EF57E /* ILValueLayer.mm in Sources */,
				CEBBB4F616D3AC1E009C9A0C /* ILLineSeries.m in Sources */,
				CE3C40021821104C008EF57E /* ILBarsGroupLayer.m in Sources */,
				CEBBB4F716D3AC1E009C9A0C /* ILPieSeries.m in Sources */,
				CEBBB4F816D3AC1E009C9A0C /* ILSeries.m in Sources */,
				CE3C3FFF1821104C008EF57E /* ILBarLayer.mm in Sources */,
				CEBBB4FB16D3AC1E009C9A0C /* ILValuesSeries.m in Sources */,
			);
			runOnlyForDeploymentPostprocessing = 0;
		};
		CEBBB45016D36D66009C9A0C /* Sources */ = {
			isa = PBXSourcesBuildPhase;
			buildActionMask = 2147483647;
			files = (
				CEBBB46616D36D66009C9A0C /* ILChartsTests.m in Sources */,
			);
			runOnlyForDeploymentPostprocessing = 0;
		};
/* End PBXSourcesBuildPhase section */

/* Begin PBXTargetDependency section */
		CEBBB45C16D36D66009C9A0C /* PBXTargetDependency */ = {
			isa = PBXTargetDependency;
			target = CEBBB44316D36D66009C9A0C /* ILCharts */;
			targetProxy = CEBBB45B16D36D66009C9A0C /* PBXContainerItemProxy */;
		};
/* End PBXTargetDependency section */

/* Begin PBXVariantGroup section */
		CEBBB46116D36D66009C9A0C /* InfoPlist.strings */ = {
			isa = PBXVariantGroup;
			children = (
				CEBBB46216D36D66009C9A0C /* en */,
			);
			name = InfoPlist.strings;
			sourceTree = "<group>";
		};
/* End PBXVariantGroup section */

/* Begin XCBuildConfiguration section */
		CEBBB46716D36D66009C9A0C /* Debug */ = {
			isa = XCBuildConfiguration;
			buildSettings = {
				ALWAYS_SEARCH_USER_PATHS = NO;
				CLANG_CXX_LANGUAGE_STANDARD = "gnu++0x";
				CLANG_CXX_LIBRARY = "libc++";
				CLANG_ENABLE_OBJC_ARC = YES;
				CLANG_WARN_CONSTANT_CONVERSION = YES;
				CLANG_WARN_EMPTY_BODY = YES;
				CLANG_WARN_ENUM_CONVERSION = YES;
				CLANG_WARN_INT_CONVERSION = YES;
				CLANG_WARN__DUPLICATE_METHOD_MATCH = YES;
				COPY_PHASE_STRIP = NO;
				ENABLE_BITCODE = NO;
				GCC_C_LANGUAGE_STANDARD = gnu99;
				GCC_DYNAMIC_NO_PIC = NO;
				GCC_OPTIMIZATION_LEVEL = 0;
				GCC_PREPROCESSOR_DEFINITIONS = (
					"DEBUG=1",
					"$(inherited)",
				);
				GCC_SYMBOLS_PRIVATE_EXTERN = NO;
				GCC_WARN_ABOUT_RETURN_TYPE = YES;
				GCC_WARN_UNINITIALIZED_AUTOS = YES;
				GCC_WARN_UNUSED_VARIABLE = YES;
				IPHONEOS_DEPLOYMENT_TARGET = 6.1;
				ONLY_ACTIVE_ARCH = YES;
				SDKROOT = iphoneos;
			};
			name = Debug;
		};
		CEBBB46816D36D66009C9A0C /* Release */ = {
			isa = XCBuildConfiguration;
			buildSettings = {
				ALWAYS_SEARCH_USER_PATHS = NO;
				CLANG_CXX_LANGUAGE_STANDARD = "gnu++0x";
				CLANG_CXX_LIBRARY = "libc++";
				CLANG_ENABLE_OBJC_ARC = YES;
				CLANG_WARN_CONSTANT_CONVERSION = YES;
				CLANG_WARN_EMPTY_BODY = YES;
				CLANG_WARN_ENUM_CONVERSION = YES;
				CLANG_WARN_INT_CONVERSION = YES;
				CLANG_WARN__DUPLICATE_METHOD_MATCH = YES;
				COPY_PHASE_STRIP = YES;
				ENABLE_BITCODE = NO;
				GCC_C_LANGUAGE_STANDARD = gnu99;
				GCC_WARN_ABOUT_RETURN_TYPE = YES;
				GCC_WARN_UNINITIALIZED_AUTOS = YES;
				GCC_WARN_UNUSED_VARIABLE = YES;
				IPHONEOS_DEPLOYMENT_TARGET = 6.1;
				SDKROOT = iphoneos;
				VALIDATE_PRODUCT = YES;
			};
			name = Release;
		};
		CEBBB46A16D36D66009C9A0C /* Debug */ = {
			isa = XCBuildConfiguration;
			buildSettings = {
				DSTROOT = /tmp/ILCharts.dst;
				GCC_PRECOMPILE_PREFIX_HEADER = YES;
				GCC_PREFIX_HEADER = "ILCharts/ILCharts-Prefix.pch";
				HEADER_SEARCH_PATHS = (
					"../lib-third-party/",
					"../ILCharts/**",
				);
				OTHER_LDFLAGS = (
					"-L../lib-third-party",
					"-all_load",
				);
				PRODUCT_NAME = "$(TARGET_NAME)";
				SKIP_INSTALL = YES;
			};
			name = Debug;
		};
		CEBBB46B16D36D66009C9A0C /* Release */ = {
			isa = XCBuildConfiguration;
			buildSettings = {
				DSTROOT = /tmp/ILCharts.dst;
				GCC_PRECOMPILE_PREFIX_HEADER = YES;
				GCC_PREFIX_HEADER = "ILCharts/ILCharts-Prefix.pch";
				HEADER_SEARCH_PATHS = (
					"../lib-third-party/",
					"../ILCharts/**",
				);
				OTHER_LDFLAGS = (
					"-L../lib-third-party",
					"-all_load",
				);
				PRODUCT_NAME = "$(TARGET_NAME)";
				SKIP_INSTALL = YES;
			};
			name = Release;
		};
		CEBBB46D16D36D66009C9A0C /* Debug */ = {
			isa = XCBuildConfiguration;
			buildSettings = {
				FRAMEWORK_SEARCH_PATHS = (
					"\"$(SDKROOT)/Developer/Library/Frameworks\"",
					"\"$(DEVELOPER_LIBRARY_DIR)/Frameworks\"",
				);
				GCC_PRECOMPILE_PREFIX_HEADER = YES;
				GCC_PREFIX_HEADER = "ILCharts/ILCharts-Prefix.pch";
				INFOPLIST_FILE = "ILChartsTests/ILChartsTests-Info.plist";
				PRODUCT_NAME = "$(TARGET_NAME)";
				WRAPPER_EXTENSION = octest;
			};
			name = Debug;
		};
		CEBBB46E16D36D66009C9A0C /* Release */ = {
			isa = XCBuildConfiguration;
			buildSettings = {
				FRAMEWORK_SEARCH_PATHS = (
					"\"$(SDKROOT)/Developer/Library/Frameworks\"",
					"\"$(DEVELOPER_LIBRARY_DIR)/Frameworks\"",
				);
				GCC_PRECOMPILE_PREFIX_HEADER = YES;
				GCC_PREFIX_HEADER = "ILCharts/ILCharts-Prefix.pch";
				INFOPLIST_FILE = "ILChartsTests/ILChartsTests-Info.plist";
				PRODUCT_NAME = "$(TARGET_NAME)";
				WRAPPER_EXTENSION = octest;
			};
			name = Release;
		};
/* End XCBuildConfiguration section */

/* Begin XCConfigurationList section */
		CEBBB43F16D36D66009C9A0C /* Build configuration list for PBXProject "ILCharts" */ = {
			isa = XCConfigurationList;
			buildConfigurations = (
				CEBBB46716D36D66009C9A0C /* Debug */,
				CEBBB46816D36D66009C9A0C /* Release */,
			);
			defaultConfigurationIsVisible = 0;
			defaultConfigurationName = Release;
		};
		CEBBB46916D36D66009C9A0C /* Build configuration list for PBXNativeTarget "ILCharts" */ = {
			isa = XCConfigurationList;
			buildConfigurations = (
				CEBBB46A16D36D66009C9A0C /* Debug */,
				CEBBB46B16D36D66009C9A0C /* Release */,
			);
			defaultConfigurationIsVisible = 0;
			defaultConfigurationName = Release;
		};
		CEBBB46C16D36D66009C9A0C /* Build configuration list for PBXNativeTarget "ILChartsTests" */ = {
			isa = XCConfigurationList;
			buildConfigurations = (
				CEBBB46D16D36D66009C9A0C /* Debug */,
				CEBBB46E16D36D66009C9A0C /* Release */,
			);
			defaultConfigurationIsVisible = 0;
			defaultConfigurationName = Release;
		};
/* End XCConfigurationList section */
	};
	rootObject = CEBBB43C16D36D66009C9A0C /* Project object */;
}
